
Microsoft Visual Studio Solution File, Format Version 12.00
Project("{FAE04EC0-301F-11D3-BF4B-00C04F79EFBC}") = "test-pr", "test-pr\test-pr.csproj", "{E41D0DE9-830E-4FE3-A811-EB436D8AB62B}"
EndProject
Global
	GlobalSection(SolutionConfigurationPlatforms) = preSolution
		Debug|Any CPU = Debug|Any CPU
		Release|Any CPU = Release|Any CPU
	EndGlobalSection
	GlobalSection(ProjectConfigurationPlatforms) = postSolution
		{E41D0DE9-830E-4FE3-A811-EB436D8AB62B}.Debug|Any CPU.ActiveCfg = Debug|Any CPU
		{E41D0DE9-830E-4FE3-A811-EB436D8AB62B}.Debug|Any CPU.Build.0 = Debug|Any CPU
		{E41D0DE9-830E-4FE3-A811-EB436D8AB62B}.Release|Any CPU.ActiveCfg = Release|Any CPU
		{E41D0DE9-830E-4FE3-A811-EB436D8AB62B}.Release|Any CPU.Build.0 = Release|Any CPU
	EndGlobalSection
EndGlobal
